
Microsoft Visual Studio Solution File, Format Version 12.00
# Visual Studio Version 16
VisualStudioVersion = 16.0.33927.289
MinimumVisualStudioVersion = 10.0.40219.1
Project("{8BC9CEB8-8B4A-11D0-8D11-00A0C91BC942}") = "lab_7_zad_1_return", "lab_7_zad_1_return\lab_7_zad_1_return.vcxproj", "{B977C6F7-BDB9-4179-97E7-4FE6CE68772A}"
EndProject
Global
	GlobalSection(SolutionConfigurationPlatforms) = preSolution
		Debug|x64 = Debug|x64
		Debug|x86 = Debug|x86
		Release|x64 = Release|x64
		Release|x86 = Release|x86
	EndGlobalSection
	GlobalSection(ProjectConfigurationPlatforms) = postSolution
		{B977C6F7-BDB9-4179-97E7-4FE6CE68772A}.Debug|x64.ActiveCfg = Debug|x64
		{B977C6F7-BDB9-4179-97E7-4FE6CE68772A}.Debug|x64.Build.0 = Debug|x64
		{B977C6F7-BDB9-4179-97E7-4FE6CE68772A}.Debug|x86.ActiveCfg = Debug|Win32
		{B977C6F7-BDB9-4179-97E7-4FE6CE68772A}.Debug|x86.Build.0 = Debug|Win32
		{B977C6F7-BDB9-4179-97E7-4FE6CE68772A}.Release|x64.ActiveCfg = Release|x64
		{B977C6F7-BDB9-4179-97E7-4FE6CE68772A}.Release|x64.Build.0 = Release|x64
		{B977C6F7-BDB9-4179-97E7-4FE6CE68772A}.Release|x86.ActiveCfg = Release|Win32
		{B977C6F7-BDB9-4179-97E7-4FE6CE68772A}.Release|x86.Build.0 = Release|Win32
	EndGlobalSection
	GlobalSection(SolutionProperties) = preSolution
		HideSolutionNode = FALSE
	EndGlobalSection
	GlobalSection(ExtensibilityGlobals) = postSolution
		SolutionGuid = {14CAF60C-CB71-4777-89C8-BF63D6192AE8}
	EndGlobalSection
EndGlobal
